
Microsoft Visual Studio Solution File, Format Version 12.00
# Visual Studio Version 16
VisualStudioVersion = 16.0.30907.101
MinimumVisualStudioVersion = 15.0.26124.0
Project("{6EC3EE1D-3C4E-46DD-8F32-0CC8E7565705}") = "oov-core", "oov-core\oov-core.fsproj", "{AA093753-3DC5-452B-AD76-8CA161F18042}"
EndProject
Project("{6EC3EE1D-3C4E-46DD-8F32-0CC8E7565705}") = "oov-webapi", "oov-webapi\oov-webapi.fsproj", "{A793B663-C71F-4DA9-9C65-5D56D59DE6A7}"
EndProject
Global
	GlobalSection(SolutionConfigurationPlatforms) = preSolution
		Debug|Any CPU = Debug|Any CPU
		Debug|x64 = Debug|x64
		Debug|x86 = Debug|x86
		Release|Any CPU = Release|Any CPU
		Release|x64 = Release|x64
		Release|x86 = Release|x86
	EndGlobalSection
	GlobalSection(ProjectConfigurationPlatforms) = postSolution
		{AA093753-3DC5-452B-AD76-8CA161F18042}.Debug|Any CPU.ActiveCfg = Debug|Any CPU
		{AA093753-3DC5-452B-AD76-8CA161F18042}.Debug|Any CPU.Build.0 = Debug|Any CPU
		{AA093753-3DC5-452B-AD76-8CA161F18042}.Debug|x64.ActiveCfg = Debug|Any CPU
		{AA093753-3DC5-452B-AD76-8CA161F18042}.Debug|x64.Build.0 = Debug|Any CPU
		{AA093753-3DC5-452B-AD76-8CA161F18042}.Debug|x86.ActiveCfg = Debug|Any CPU
		{AA093753-3DC5-452B-AD76-8CA161F18042}.Debug|x86.Build.0 = Debug|Any CPU
		{AA093753-3DC5-452B-AD76-8CA161F18042}.Release|Any CPU.ActiveCfg = Release|Any CPU
		{AA093753-3DC5-452B-AD76-8CA161F18042}.Release|Any CPU.Build.0 = Release|Any CPU
		{AA093753-3DC5-452B-AD76-8CA161F18042}.Release|x64.ActiveCfg = Release|Any CPU
		{AA093753-3DC5-452B-AD76-8CA161F18042}.Release|x64.Build.0 = Release|Any CPU
		{AA093753-3DC5-452B-AD76-8CA161F18042}.Release|x86.ActiveCfg = Release|Any CPU
		{AA093753-3DC5-452B-AD76-8CA161F18042}.Release|x86.Build.0 = Release|Any CPU
		{A793B663-C71F-4DA9-9C65-5D56D59DE6A7}.Debug|Any CPU.ActiveCfg = Debug|Any CPU
		{A793B663-C71F-4DA9-9C65-5D56D59DE6A7}.Debug|Any CPU.Build.0 = Debug|Any CPU
		{A793B663-C71F-4DA9-9C65-5D56D59DE6A7}.Debug|x64.ActiveCfg = Debug|Any CPU
		{A793B663-C71F-4DA9-9C65-5D56D59DE6A7}.Debug|x64.Build.0 = Debug|Any CPU
		{A793B663-C71F-4DA9-9C65-5D56D59DE6A7}.Debug|x86.ActiveCfg = Debug|Any CPU
		{A793B663-C71F-4DA9-9C65-5D56D59DE6A7}.Debug|x86.Build.0 = Debug|Any CPU
		{A793B663-C71F-4DA9-9C65-5D56D59DE6A7}.Release|Any CPU.ActiveCfg = Release|Any CPU
		{A793B663-C71F-4DA9-9C65-5D56D59DE6A7}.Release|Any CPU.Build.0 = Release|Any CPU
		{A793B663-C71F-4DA9-9C65-5D56D59DE6A7}.Release|x64.ActiveCfg = Release|Any CPU
		{A793B663-C71F-4DA9-9C65-5D56D59DE6A7}.Release|x64.Build.0 = Release|Any CPU
		{A793B663-C71F-4DA9-9C65-5D56D59DE6A7}.Release|x86.ActiveCfg = Release|Any CPU
		{A793B663-C71F-4DA9-9C65-5D56D59DE6A7}.Release|x86.Build.0 = Release|Any CPU
	EndGlobalSection
	GlobalSection(SolutionProperties) = preSolution
		HideSolutionNode = FALSE
	EndGlobalSection
	GlobalSection(ExtensibilityGlobals) = postSolution
		SolutionGuid = {12D7DCCE-2281-41E6-9A69-A4665E05B042}
	EndGlobalSection
EndGlobal
